// !$*UTF8*$!
{
	archiveVersion = 1;
	classes = {
	};
	objectVersion = 56;
	objects = {

/* Begin PBXBuildFile section */
		FE9496152CC1D5B200226445 /* CourseDataApp.swift in Sources */ = {isa = PBXBuildFile; fileRef = FE9496142CC1D5B200226445 /* CourseDataApp.swift */; };
		FE9496172CC1D5B200226445 /* CourseListView.swift in Sources */ = {isa = PBXBuildFile; fileRef = FE9496162CC1D5B200226445 /* CourseListView.swift */; };
		FE9496192CC1D5B500226445 /* Assets.xcassets in Resources */ = {isa = PBXBuildFile; fileRef = FE9496182CC1D5B500226445 /* Assets.xcassets */; };
		FE94961C2CC1D5B500226445 /* Preview Assets.xcassets in Resources */ = {isa = PBXBuildFile; fileRef = FE94961B2CC1D5B500226445 /* Preview Assets.xcassets */; };
		FE9496262CC1D5B600226445 /* CourseDataTests.swift in Sources */ = {isa = PBXBuildFile; fileRef = FE9496252CC1D5B600226445 /* CourseDataTests.swift */; };
		FE9496302CC1D5B600226445 /* CourseDataUITests.swift in Sources */ = {isa = PBXBuildFile; fileRef = FE94962F2CC1D5B600226445 /* CourseDataUITests.swift */; };
		FE9496322CC1D5B600226445 /* CourseDataUITestsLaunchTests.swift in Sources */ = {isa = PBXBuildFile; fileRef = FE9496312CC1D5B600226445 /* CourseDataUITestsLaunchTests.swift */; };
		FE94963F2CC1DB8000226445 /* Course.swift in Sources */ = {isa = PBXBuildFile; fileRef = FE94963E2CC1DB8000226445 /* Course.swift */; };
		FE9496412CC1E59700226445 /* DefaultImageView.swift in Sources */ = {isa = PBXBuildFile; fileRef = FE9496402CC1E59700226445 /* DefaultImageView.swift */; };
		FE9496432CC1E93200226445 /* CourseTileView.swift in Sources */ = {isa = PBXBuildFile; fileRef = FE9496422CC1E93200226445 /* CourseTileView.swift */; };
/* End PBXBuildFile section */

/* Begin PBXContainerItemProxy section */
		FE9496222CC1D5B600226445 /* PBXContainerItemProxy */ = {
			isa = PBXContainerItemProxy;
			containerPortal = FE9496092CC1D5B200226445 /* Project object */;
			proxyType = 1;
			remoteGlobalIDString = FE9496102CC1D5B200226445;
			remoteInfo = CourseData;
		};
		FE94962C2CC1D5B600226445 /* PBXContainerItemProxy */ = {
			isa = PBXContainerItemProxy;
			containerPortal = FE9496092CC1D5B200226445 /* Project object */;
			proxyType = 1;
			remoteGlobalIDString = FE9496102CC1D5B200226445;
			remoteInfo = CourseData;
		};
/* End PBXContainerItemProxy section */

/* Begin PBXFileReference section */
		FE9496112CC1D5B200226445 /* CourseData.app */ = {isa = PBXFileReference; explicitFileType = wrapper.application; includeInIndex = 0; path = CourseData.app; sourceTree = BUILT_PRODUCTS_DIR; };
		FE9496142CC1D5B200226445 /* CourseDataApp.swift */ = {isa = PBXFileReference; lastKnownFileType = sourcecode.swift; path = CourseDataApp.swift; sourceTree = "<group>"; };
		FE9496162CC1D5B200226445 /* CourseListView.swift */ = {isa = PBXFileReference; lastKnownFileType = sourcecode.swift; path = CourseListView.swift; sourceTree = "<group>"; };
		FE9496182CC1D5B500226445 /* Assets.xcassets */ = {isa = PBXFileReference; lastKnownFileType = folder.assetcatalog; path = Assets.xcassets; sourceTree = "<group>"; };
		FE94961B2CC1D5B500226445 /* Preview Assets.xcassets */ = {isa = PBXFileReference; lastKnownFileType = folder.assetcatalog; path = "Preview Assets.xcassets"; sourceTree = "<group>"; };
		FE9496212CC1D5B600226445 /* CourseDataTests.xctest */ = {isa = PBXFileReference; explicitFileType = wrapper.cfbundle; includeInIndex = 0; path = CourseDataTests.xctest; sourceTree = BUILT_PRODUCTS_DIR; };
		FE9496252CC1D5B600226445 /* CourseDataTests.swift */ = {isa = PBXFileReference; lastKnownFileType = sourcecode.swift; path = CourseDataTests.swift; sourceTree = "<group>"; };
		FE94962B2CC1D5B600226445 /* CourseDataUITests.xctest */ = {isa = PBXFileReference; explicitFileType = wrapper.cfbundle; includeInIndex = 0; path = CourseDataUITests.xctest; sourceTree = BUILT_PRODUCTS_DIR; };
		FE94962F2CC1D5B600226445 /* CourseDataUITests.swift */ = {isa = PBXFileReference; lastKnownFileType = sourcecode.swift; path = CourseDataUITests.swift; sourceTree = "<group>"; };
		FE9496312CC1D5B600226445 /* CourseDataUITestsLaunchTests.swift */ = {isa = PBXFileReference; lastKnownFileType = sourcecode.swift; path = CourseDataUITestsLaunchTests.swift; sourceTree = "<group>"; };
		FE94963E2CC1DB8000226445 /* Course.swift */ = {isa = PBXFileReference; lastKnownFileType = sourcecode.swift; path = Course.swift; sourceTree = "<group>"; };
		FE9496402CC1E59700226445 /* DefaultImageView.swift */ = {isa = PBXFileReference; lastKnownFileType = sourcecode.swift; path = DefaultImageView.swift; sourceTree = "<group>"; };
		FE9496422CC1E93200226445 /* CourseTileView.swift */ = {isa = PBXFileReference; lastKnownFileType = sourcecode.swift; path = CourseTileView.swift; sourceTree = "<group>"; };
/* End PBXFileReference section */

/* Begin PBXFrameworksBuildPhase section */
		FE94960E2CC1D5B200226445 /* Frameworks */ = {
			isa = PBXFrameworksBuildPhase;
			buildActionMask = 2147483647;
			files = (
			);
			runOnlyForDeploymentPostprocessing = 0;
		};
		FE94961E2CC1D5B600226445 /* Frameworks */ = {
			isa = PBXFrameworksBuildPhase;
			buildActionMask = 2147483647;
			files = (
			);
			runOnlyForDeploymentPostprocessing = 0;
		};
		FE9496282CC1D5B600226445 /* Frameworks */ = {
			isa = PBXFrameworksBuildPhase;
			buildActionMask = 2147483647;
			files = (
			);
			runOnlyForDeploymentPostprocessing = 0;
		};
/* End PBXFrameworksBuildPhase section */

/* Begin PBXGroup section */
		FE9496082CC1D5B200226445 = {
			isa = PBXGroup;
			children = (
				FE94963E2CC1DB8000226445 /* Course.swift */,
				FE9496132CC1D5B200226445 /* CourseData */,
				FE9496242CC1D5B600226445 /* CourseDataTests */,
				FE94962E2CC1D5B600226445 /* CourseDataUITests */,
				FE9496122CC1D5B200226445 /* Products */,
			);
			sourceTree = "<group>";
		};
		FE9496122CC1D5B200226445 /* Products */ = {
			isa = PBXGroup;
			children = (
				FE9496112CC1D5B200226445 /* CourseData.app */,
				FE9496212CC1D5B600226445 /* CourseDataTests.xctest */,
				FE94962B2CC1D5B600226445 /* CourseDataUITests.xctest */,
			);
			name = Products;
			sourceTree = "<group>";
		};
		FE9496132CC1D5B200226445 /* CourseData */ = {
			isa = PBXGroup;
			children = (
				FE9496142CC1D5B200226445 /* CourseDataApp.swift */,
				FE9496162CC1D5B200226445 /* CourseListView.swift */,
				FE9496422CC1E93200226445 /* CourseTileView.swift */,
				FE9496402CC1E59700226445 /* DefaultImageView.swift */,
				FE9496182CC1D5B500226445 /* Assets.xcassets */,
				FE94961A2CC1D5B500226445 /* Preview Content */,
			);
			path = CourseData;
			sourceTree = "<group>";
		};
		FE94961A2CC1D5B500226445 /* Preview Content */ = {
			isa = PBXGroup;
			children = (
				FE94961B2CC1D5B500226445 /* Preview Assets.xcassets */,
			);
			path = "Preview Content";
			sourceTree = "<group>";
		};
		FE9496242CC1D5B600226445 /* CourseDataTests */ = {
			isa = PBXGroup;
			children = (
				FE9496252CC1D5B600226445 /* CourseDataTests.swift */,
			);
			path = CourseDataTests;
			sourceTree = "<group>";
		};
		FE94962E2CC1D5B600226445 /* CourseDataUITests */ = {
			isa = PBXGroup;
			children = (
				FE94962F2CC1D5B600226445 /* CourseDataUITests.swift */,
				FE9496312CC1D5B600226445 /* CourseDataUITestsLaunchTests.swift */,
			);
			path = CourseDataUITests;
			sourceTree = "<group>";
		};
/* End PBXGroup section */

/* Begin PBXNativeTarget section */
		FE9496102CC1D5B200226445 /* CourseData */ = {
			isa = PBXNativeTarget;
			buildConfigurationList = FE9496352CC1D5B600226445 /* Build configuration list for PBXNativeTarget "CourseData" */;
			buildPhases = (
				FE94960D2CC1D5B200226445 /* Sources */,
				FE94960E2CC1D5B200226445 /* Frameworks */,
				FE94960F2CC1D5B200226445 /* Resources */,
			);
			buildRules = (
			);
			dependencies = (
			);
			name = CourseData;
			productName = CourseData;
			productReference = FE9496112CC1D5B200226445 /* CourseData.app */;
			productType = "com.apple.product-type.application";
		};
		FE9496202CC1D5B600226445 /* CourseDataTests */ = {
			isa = PBXNativeTarget;
			buildConfigurationList = FE9496382CC1D5B600226445 /* Build configuration list for PBXNativeTarget "CourseDataTests" */;
			buildPhases = (
				FE94961D2CC1D5B600226445 /* Sources */,
				FE94961E2CC1D5B600226445 /* Frameworks */,
				FE94961F2CC1D5B600226445 /* Resources */,
			);
			buildRules = (
			);
			dependencies = (
				FE9496232CC1D5B600226445 /* PBXTargetDependency */,
			);
			name = CourseDataTests;
			productName = CourseDataTests;
			productReference = FE9496212CC1D5B600226445 /* CourseDataTests.xctest */;
			productType = "com.apple.product-type.bundle.unit-test";
		};
		FE94962A2CC1D5B600226445 /* CourseDataUITests */ = {
			isa = PBXNativeTarget;
			buildConfigurationList = FE94963B2CC1D5B600226445 /* Build configuration list for PBXNativeTarget "CourseDataUITests" */;
			buildPhases = (
				FE9496272CC1D5B600226445 /* Sources */,
				FE9496282CC1D5B600226445 /* Frameworks */,
				FE9496292CC1D5B600226445 /* Resources */,
			);
			buildRules = (
			);
			dependencies = (
				FE94962D2CC1D5B600226445 /* PBXTargetDependency */,
			);
			name = CourseDataUITests;
			productName = CourseDataUITests;
			productReference = FE94962B2CC1D5B600226445 /* CourseDataUITests.xctest */;
			productType = "com.apple.product-type.bundle.ui-testing";
		};
/* End PBXNativeTarget section */

/* Begin PBXProject section */
		FE9496092CC1D5B200226445 /* Project object */ = {
			isa = PBXProject;
			attributes = {
				BuildIndependentTargetsInParallel = 1;
				LastSwiftUpdateCheck = 1540;
				LastUpgradeCheck = 1540;
				TargetAttributes = {
					FE9496102CC1D5B200226445 = {
						CreatedOnToolsVersion = 15.4;
					};
					FE9496202CC1D5B600226445 = {
						CreatedOnToolsVersion = 15.4;
						TestTargetID = FE9496102CC1D5B200226445;
					};
					FE94962A2CC1D5B600226445 = {
						CreatedOnToolsVersion = 15.4;
						TestTargetID = FE9496102CC1D5B200226445;
					};
				};
			};
			buildConfigurationList = FE94960C2CC1D5B200226445 /* Build configuration list for PBXProject "CourseData" */;
			compatibilityVersion = "Xcode 14.0";
			developmentRegion = en;
			hasScannedForEncodings = 0;
			knownRegions = (
				en,
				Base,
			);
			mainGroup = FE9496082CC1D5B200226445;
			productRefGroup = FE9496122CC1D5B200226445 /* Products */;
			projectDirPath = "";
			projectRoot = "";
			targets = (
				FE9496102CC1D5B200226445 /* CourseData */,
				FE9496202CC1D5B600226445 /* CourseDataTests */,
				FE94962A2CC1D5B600226445 /* CourseDataUITests */,
			);
		};
/* End PBXProject section */

/* Begin PBXResourcesBuildPhase section */
		FE94960F2CC1D5B200226445 /* Resources */ = {
			isa = PBXResourcesBuildPhase;
			buildActionMask = 2147483647;
			files = (
				FE94961C2CC1D5B500226445 /* Preview Assets.xcassets in Resources */,
				FE9496192CC1D5B500226445 /* Assets.xcassets in Resources */,
			);
			runOnlyForDeploymentPostprocessing = 0;
		};
		FE94961F2CC1D5B600226445 /* Resources */ = {
			isa = PBXResourcesBuildPhase;
			buildActionMask = 2147483647;
			files = (
			);
			runOnlyForDeploymentPostprocessing = 0;
		};
		FE9496292CC1D5B600226445 /* Resources */ = {
			isa = PBXResourcesBuildPhase;
			buildActionMask = 2147483647;
			files = (
			);
			runOnlyForDeploymentPostprocessing = 0;
		};
/* End PBXResourcesBuildPhase section */

/* Begin PBXSourcesBuildPhase section */
		FE94960D2CC1D5B200226445 /* Sources */ = {
			isa = PBXSourcesBuildPhase;
			buildActionMask = 2147483647;
			files = (
				FE9496412CC1E59700226445 /* DefaultImageView.swift in Sources */,
				FE94963F2CC1DB8000226445 /* Course.swift in Sources */,
				FE9496172CC1D5B200226445 /* CourseListView.swift in Sources */,
				FE9496432CC1E93200226445 /* CourseTileView.swift in Sources */,
				FE9496152CC1D5B200226445 /* CourseDataApp.swift in Sources */,
			);
			runOnlyForDeploymentPostprocessing = 0;
		};
		FE94961D2CC1D5B600226445 /* Sources */ = {
			isa = PBXSourcesBuildPhase;
			buildActionMask = 2147483647;
			files = (
				FE9496262CC1D5B600226445 /* CourseDataTests.swift in Sources */,
			);
			runOnlyForDeploymentPostprocessing = 0;
		};
		FE9496272CC1D5B600226445 /* Sources */ = {
			isa = PBXSourcesBuildPhase;
			buildActionMask = 2147483647;
			files = (
				FE9496302CC1D5B600226445 /* CourseDataUITests.swift in Sources */,
				FE9496322CC1D5B600226445 /* CourseDataUITestsLaunchTests.swift in Sources */,
			);
			runOnlyForDeploymentPostprocessing = 0;
		};
/* End PBXSourcesBuildPhase section */

/* Begin PBXTargetDependency section */
		FE9496232CC1D5B600226445 /* PBXTargetDependency */ = {
			isa = PBXTargetDependency;
			target = FE9496102CC1D5B200226445 /* CourseData */;
			targetProxy = FE9496222CC1D5B600226445 /* PBXContainerItemProxy */;
		};
		FE94962D2CC1D5B600226445 /* PBXTargetDependency */ = {
			isa = PBXTargetDependency;
			target = FE9496102CC1D5B200226445 /* CourseData */;
			targetProxy = FE94962C2CC1D5B600226445 /* PBXContainerItemProxy */;
		};
/* End PBXTargetDependency section */

/* Begin XCBuildConfiguration section */
		FE9496332CC1D5B600226445 /* Debug */ = {
			isa = XCBuildConfiguration;
			buildSettings = {
				ALWAYS_SEARCH_USER_PATHS = NO;
				ASSETCATALOG_COMPILER_GENERATE_SWIFT_ASSET_SYMBOL_EXTENSIONS = YES;
				CLANG_ANALYZER_NONNULL = YES;
				CLANG_ANALYZER_NUMBER_OBJECT_CONVERSION = YES_AGGRESSIVE;
				CLANG_CXX_LANGUAGE_STANDARD = "gnu++20";
				CLANG_ENABLE_MODULES = YES;
				CLANG_ENABLE_OBJC_ARC = YES;
				CLANG_ENABLE_OBJC_WEAK = YES;
				CLANG_WARN_BLOCK_CAPTURE_AUTORELEASING = YES;
				CLANG_WARN_BOOL_CONVERSION = YES;
				CLANG_WARN_COMMA = YES;
				CLANG_WARN_CONSTANT_CONVERSION = YES;
				CLANG_WARN_DEPRECATED_OBJC_IMPLEMENTATIONS = YES;
				CLANG_WARN_DIRECT_OBJC_ISA_USAGE = YES_ERROR;
				CLANG_WARN_DOCUMENTATION_COMMENTS = YES;
				CLANG_WARN_EMPTY_BODY = YES;
				CLANG_WARN_ENUM_CONVERSION = YES;
				CLANG_WARN_INFINITE_RECURSION = YES;
				CLANG_WARN_INT_CONVERSION = YES;
				CLANG_WARN_NON_LITERAL_NULL_CONVERSION = YES;
				CLANG_WARN_OBJC_IMPLICIT_RETAIN_SELF = YES;
				CLANG_WARN_OBJC_LITERAL_CONVERSION = YES;
				CLANG_WARN_OBJC_ROOT_CLASS = YES_ERROR;
				CLANG_WARN_QUOTED_INCLUDE_IN_FRAMEWORK_HEADER = YES;
				CLANG_WARN_RANGE_LOOP_ANALYSIS = YES;
				CLANG_WARN_STRICT_PROTOTYPES = YES;
				CLANG_WARN_SUSPICIOUS_MOVE = YES;
				CLANG_WARN_UNGUARDED_AVAILABILITY = YES_AGGRESSIVE;
				CLANG_WARN_UNREACHABLE_CODE = YES;
				CLANG_WARN__DUPLICATE_METHOD_MATCH = YES;
				COPY_PHASE_STRIP = NO;
				DEBUG_INFORMATION_FORMAT = dwarf;
				ENABLE_STRICT_OBJC_MSGSEND = YES;
				ENABLE_TESTABILITY = YES;
				ENABLE_USER_SCRIPT_SANDBOXING = YES;
				GCC_C_LANGUAGE_STANDARD = gnu17;
				GCC_DYNAMIC_NO_PIC = NO;
				GCC_NO_COMMON_BLOCKS = YES;
				GCC_OPTIMIZATION_LEVEL = 0;
				GCC_PREPROCESSOR_DEFINITIONS = (
					"DEBUG=1",
					"$(inherited)",
				);
				GCC_WARN_64_TO_32_BIT_CONVERSION = YES;
				GCC_WARN_ABOUT_RETURN_TYPE = YES_ERROR;
				GCC_WARN_UNDECLARED_SELECTOR = YES;
				GCC_WARN_UNINITIALIZED_AUTOS = YES_AGGRESSIVE;
				GCC_WARN_UNUSED_FUNCTION = YES;
				GCC_WARN_UNUSED_VARIABLE = YES;
				IPHONEOS_DEPLOYMENT_TARGET = 17.5;
				LOCALIZATION_PREFERS_STRING_CATALOGS = YES;
				MTL_ENABLE_DEBUG_INFO = INCLUDE_SOURCE;
				MTL_FAST_MATH = YES;
				ONLY_ACTIVE_ARCH = YES;
				SDKROOT = iphoneos;
				SWIFT_ACTIVE_COMPILATION_CONDITIONS = "DEBUG $(inherited)";
				SWIFT_OPTIMIZATION_LEVEL = "-Onone";
			};
			name = Debug;
		};
		FE9496342CC1D5B600226445 /* Release */ = {
			isa = XCBuildConfiguration;
			buildSettings = {
				ALWAYS_SEARCH_USER_PATHS = NO;
				ASSETCATALOG_COMPILER_GENERATE_SWIFT_ASSET_SYMBOL_EXTENSIONS = YES;
				CLANG_ANALYZER_NONNULL = YES;
				CLANG_ANALYZER_NUMBER_OBJECT_CONVERSION = YES_AGGRESSIVE;
				CLANG_CXX_LANGUAGE_STANDARD = "gnu++20";
				CLANG_ENABLE_MODULES = YES;
				CLANG_ENABLE_OBJC_ARC = YES;
				CLANG_ENABLE_OBJC_WEAK = YES;
				CLANG_WARN_BLOCK_CAPTURE_AUTORELEASING = YES;
				CLANG_WARN_BOOL_CONVERSION = YES;
				CLANG_WARN_COMMA = YES;
				CLANG_WARN_CONSTANT_CONVERSION = YES;
				CLANG_WARN_DEPRECATED_OBJC_IMPLEMENTATIONS = YES;
				CLANG_WARN_DIRECT_OBJC_ISA_USAGE = YES_ERROR;
				CLANG_WARN_DOCUMENTATION_COMMENTS = YES;
				CLANG_WARN_EMPTY_BODY = YES;
				CLANG_WARN_ENUM_CONVERSION = YES;
				CLANG_WARN_INFINITE_RECURSION = YES;
				CLANG_WARN_INT_CONVERSION = YES;
				CLANG_WARN_NON_LITERAL_NULL_CONVERSION = YES;
				CLANG_WARN_OBJC_IMPLICIT_RETAIN_SELF = YES;
				CLANG_WARN_OBJC_LITERAL_CONVERSION = YES;
				CLANG_WARN_OBJC_ROOT_CLASS = YES_ERROR;
				CLANG_WARN_QUOTED_INCLUDE_IN_FRAMEWORK_HEADER = YES;
				CLANG_WARN_RANGE_LOOP_ANALYSIS = YES;
				CLANG_WARN_STRICT_PROTOTYPES = YES;
				CLANG_WARN_SUSPICIOUS_MOVE = YES;
				CLANG_WARN_UNGUARDED_AVAILABILITY = YES_AGGRESSIVE;
				CLANG_WARN_UNREACHABLE_CODE = YES;
				CLANG_WARN__DUPLICATE_METHOD_MATCH = YES;
				COPY_PHASE_STRIP = NO;
				DEBUG_INFORMATION_FORMAT = "dwarf-with-dsym";
				ENABLE_NS_ASSERTIONS = NO;
				ENABLE_STRICT_OBJC_MSGSEND = YES;
				ENABLE_USER_SCRIPT_SANDBOXING = YES;
				GCC_C_LANGUAGE_STANDARD = gnu17;
				GCC_NO_COMMON_BLOCKS = YES;
				GCC_WARN_64_TO_32_BIT_CONVERSION = YES;
				GCC_WARN_ABOUT_RETURN_TYPE = YES_ERROR;
				GCC_WARN_UNDECLARED_SELECTOR = YES;
				GCC_WARN_UNINITIALIZED_AUTOS = YES_AGGRESSIVE;
				GCC_WARN_UNUSED_FUNCTION = YES;
				GCC_WARN_UNUSED_VARIABLE = YES;
				IPHONEOS_DEPLOYMENT_TARGET = 17.5;
				LOCALIZATION_PREFERS_STRING_CATALOGS = YES;
				MTL_ENABLE_DEBUG_INFO = NO;
				MTL_FAST_MATH = YES;
				SDKROOT = iphoneos;
				SWIFT_COMPILATION_MODE = wholemodule;
				VALIDATE_PRODUCT = YES;
			};
			name = Release;
		};
		FE9496362CC1D5B600226445 /* Debug */ = {
			isa = XCBuildConfiguration;
			buildSettings = {
				ASSETCATALOG_COMPILER_APPICON_NAME = AppIcon;
				ASSETCATALOG_COMPILER_GLOBAL_ACCENT_COLOR_NAME = AccentColor;
				CODE_SIGN_STYLE = Automatic;
				CURRENT_PROJECT_VERSION = 1;
				DEVELOPMENT_ASSET_PATHS = "\"CourseData/Preview Content\"";
				ENABLE_PREVIEWS = YES;
				GENERATE_INFOPLIST_FILE = YES;
				INFOPLIST_KEY_UIApplicationSceneManifest_Generation = YES;
				INFOPLIST_KEY_UIApplicationSupportsIndirectInputEvents = YES;
				INFOPLIST_KEY_UILaunchScreen_Generation = YES;
				INFOPLIST_KEY_UISupportedInterfaceOrientations_iPad = "UIInterfaceOrientationPortrait UIInterfaceOrientationPortraitUpsideDown UIInterfaceOrientationLandscapeLeft UIInterfaceOrientationLandscapeRight";
				INFOPLIST_KEY_UISupportedInterfaceOrientations_iPhone = "UIInterfaceOrientationPortrait UIInterfaceOrientationLandscapeLeft UIInterfaceOrientationLandscapeRight";
				LD_RUNPATH_SEARCH_PATHS = (
					"$(inherited)",
					"@executable_path/Frameworks",
				);
				MARKETING_VERSION = 1.0;
				PRODUCT_BUNDLE_IDENTIFIER = com.practice.aoi.CourseData;
				PRODUCT_NAME = "$(TARGET_NAME)";
				SWIFT_EMIT_LOC_STRINGS = YES;
				SWIFT_VERSION = 5.0;
				TARGETED_DEVICE_FAMILY = "1,2";
			};
			name = Debug;
		};
		FE9496372CC1D5B600226445 /* Release */ = {
			isa = XCBuildConfiguration;
			buildSettings = {
				ASSETCATALOG_COMPILER_APPICON_NAME = AppIcon;
				ASSETCATALOG_COMPILER_GLOBAL_ACCENT_COLOR_NAME = AccentColor;
				CODE_SIGN_STYLE = Automatic;
				CURRENT_PROJECT_VERSION = 1;
				DEVELOPMENT_ASSET_PATHS = "\"CourseData/Preview Content\"";
				ENABLE_PREVIEWS = YES;
				GENERATE_INFOPLIST_FILE = YES;
				INFOPLIST_KEY_UIApplicationSceneManifest_Generation = YES;
				INFOPLIST_KEY_UIApplicationSupportsIndirectInputEvents = YES;
				INFOPLIST_KEY_UILaunchScreen_Generation = YES;
				INFOPLIST_KEY_UISupportedInterfaceOrientations_iPad = "UIInterfaceOrientationPortrait UIInterfaceOrientationPortraitUpsideDown UIInterfaceOrientationLandscapeLeft UIInterfaceOrientationLandscapeRight";
				INFOPLIST_KEY_UISupportedInterfaceOrientations_iPhone = "UIInterfaceOrientationPortrait UIInterfaceOrientationLandscapeLeft UIInterfaceOrientationLandscapeRight";
				LD_RUNPATH_SEARCH_PATHS = (
					"$(inherited)",
					"@executable_path/Frameworks",
				);
				MARKETING_VERSION = 1.0;
				PRODUCT_BUNDLE_IDENTIFIER = com.practice.aoi.CourseData;
				PRODUCT_NAME = "$(TARGET_NAME)";
				SWIFT_EMIT_LOC_STRINGS = YES;
				SWIFT_VERSION = 5.0;
				TARGETED_DEVICE_FAMILY = "1,2";
			};
			name = Release;
		};
		FE9496392CC1D5B600226445 /* Debug */ = {
			isa = XCBuildConfiguration;
			buildSettings = {
				ALWAYS_EMBED_SWIFT_STANDARD_LIBRARIES = YES;
				BUNDLE_LOADER = "$(TEST_HOST)";
				CODE_SIGN_STYLE = Automatic;
				CURRENT_PROJECT_VERSION = 1;
				GENERATE_INFOPLIST_FILE = YES;
				IPHONEOS_DEPLOYMENT_TARGET = 17.5;
				MARKETING_VERSION = 1.0;
				PRODUCT_BUNDLE_IDENTIFIER = com.practice.aoi.CourseDataTests;
				PRODUCT_NAME = "$(TARGET_NAME)";
				SWIFT_EMIT_LOC_STRINGS = NO;
				SWIFT_VERSION = 5.0;
				TARGETED_DEVICE_FAMILY = "1,2";
				TEST_HOST = "$(BUILT_PRODUCTS_DIR)/CourseData.app/$(BUNDLE_EXECUTABLE_FOLDER_PATH)/CourseData";
			};
			name = Debug;
		};
		FE94963A2CC1D5B600226445 /* Release */ = {
			isa = XCBuildConfiguration;
			buildSettings = {
				ALWAYS_EMBED_SWIFT_STANDARD_LIBRARIES = YES;
				BUNDLE_LOADER = "$(TEST_HOST)";
				CODE_SIGN_STYLE = Automatic;
				CURRENT_PROJECT_VERSION = 1;
				GENERATE_INFOPLIST_FILE = YES;
				IPHONEOS_DEPLOYMENT_TARGET = 17.5;
				MARKETING_VERSION = 1.0;
				PRODUCT_BUNDLE_IDENTIFIER = com.practice.aoi.CourseDataTests;
				PRODUCT_NAME = "$(TARGET_NAME)";
				SWIFT_EMIT_LOC_STRINGS = NO;
				SWIFT_VERSION = 5.0;
				TARGETED_DEVICE_FAMILY = "1,2";
				TEST_HOST = "$(BUILT_PRODUCTS_DIR)/CourseData.app/$(BUNDLE_EXECUTABLE_FOLDER_PATH)/CourseData";
			};
			name = Release;
		};
		FE94963C2CC1D5B600226445 /* Debug */ = {
			isa = XCBuildConfiguration;
			buildSettings = {
				ALWAYS_EMBED_SWIFT_STANDARD_LIBRARIES = YES;
				CODE_SIGN_STYLE = Automatic;
				CURRENT_PROJECT_VERSION = 1;
				GENERATE_INFOPLIST_FILE = YES;
				MARKETING_VERSION = 1.0;
				PRODUCT_BUNDLE_IDENTIFIER = com.practice.aoi.CourseDataUITests;
				PRODUCT_NAME = "$(TARGET_NAME)";
				SWIFT_EMIT_LOC_STRINGS = NO;
				SWIFT_VERSION = 5.0;
				TARGETED_DEVICE_FAMILY = "1,2";
				TEST_TARGET_NAME = CourseData;
			};
			name = Debug;
		};
		FE94963D2CC1D5B600226445 /* Release */ = {
			isa = XCBuildConfiguration;
			buildSettings = {
				ALWAYS_EMBED_SWIFT_STANDARD_LIBRARIES = YES;
				CODE_SIGN_STYLE = Automatic;
				CURRENT_PROJECT_VERSION = 1;
				GENERATE_INFOPLIST_FILE = YES;
				MARKETING_VERSION = 1.0;
				PRODUCT_BUNDLE_IDENTIFIER = com.practice.aoi.CourseDataUITests;
				PRODUCT_NAME = "$(TARGET_NAME)";
				SWIFT_EMIT_LOC_STRINGS = NO;
				SWIFT_VERSION = 5.0;
				TARGETED_DEVICE_FAMILY = "1,2";
				TEST_TARGET_NAME = CourseData;
			};
			name = Release;
		};
/* End XCBuildConfiguration section */

/* Begin XCConfigurationList section */
		FE94960C2CC1D5B200226445 /* Build configuration list for PBXProject "CourseData" */ = {
			isa = XCConfigurationList;
			buildConfigurations = (
				FE9496332CC1D5B600226445 /* Debug */,
				FE9496342CC1D5B600226445 /* Release */,
			);
			defaultConfigurationIsVisible = 0;
			defaultConfigurationName = Release;
		};
		FE9496352CC1D5B600226445 /* Build configuration list for PBXNativeTarget "CourseData" */ = {
			isa = XCConfigurationList;
			buildConfigurations = (
				FE9496362CC1D5B600226445 /* Debug */,
				FE9496372CC1D5B600226445 /* Release */,
			);
			defaultConfigurationIsVisible = 0;
			defaultConfigurationName = Release;
		};
		FE9496382CC1D5B600226445 /* Build configuration list for PBXNativeTarget "CourseDataTests" */ = {
			isa = XCConfigurationList;
			buildConfigurations = (
				FE9496392CC1D5B600226445 /* Debug */,
				FE94963A2CC1D5B600226445 /* Release */,
			);
			defaultConfigurationIsVisible = 0;
			defaultConfigurationName = Release;
		};
		FE94963B2CC1D5B600226445 /* Build configuration list for PBXNativeTarget "CourseDataUITests" */ = {
			isa = XCConfigurationList;
			buildConfigurations = (
				FE94963C2CC1D5B600226445 /* Debug */,
				FE94963D2CC1D5B600226445 /* Release */,
			);
			defaultConfigurationIsVisible = 0;
			defaultConfigurationName = Release;
		};
/* End XCConfigurationList section */
	};
	rootObject = FE9496092CC1D5B200226445 /* Project object */;
}
